
Microsoft Visual Studio Solution File, Format Version 12.00
# Visual Studio 2015
Project("{FAE04EC0-301F-11D3-BF4B-00C04F79EFBC}") = "Dooms Day Bunny", "Dooms Day Bunny.csproj", "{ECE032D1-0693-44B8-0B23-2E9AB071B296}"
EndProject
Global
	GlobalSection(SolutionConfigurationPlatforms) = preSolution
		Debug|Any CPU = Debug|Any CPU
		Release|Any CPU = Release|Any CPU
	EndGlobalSection
	GlobalSection(ProjectConfigurationPlatforms) = postSolution
		{ECE032D1-0693-44B8-0B23-2E9AB071B296}.Debug|Any CPU.ActiveCfg = Debug|Any CPU
		{ECE032D1-0693-44B8-0B23-2E9AB071B296}.Debug|Any CPU.Build.0 = Debug|Any CPU
		{ECE032D1-0693-44B8-0B23-2E9AB071B296}.Release|Any CPU.ActiveCfg = Release|Any CPU
		{ECE032D1-0693-44B8-0B23-2E9AB071B296}.Release|Any CPU.Build.0 = Release|Any CPU
	EndGlobalSection
	GlobalSection(SolutionProperties) = preSolution
		HideSolutionNode = FALSE
	EndGlobalSection
EndGlobal
